# This file was autogenerated by Stack.
# You should not edit this file by hand.
# For more information, please see the documentation at:
#   https://docs.haskellstack.org/en/stable/lock_files

packages:
- completed:
    hackage: clay-0.14.0@sha256:382eced24317f9ed0f7a0a4789cdfc6fc8dd32895cdb0c4ea50a1613bee08af3,2128
    pantry-tree:
      sha256: 63de34c432705d98e4309392eb0c3901fec45d4bbf9f0aab750db114467533b1
      size: 2256
  original:
    hackage: clay-0.14.0
snapshots:
- completed:
    sha256: a684cdbdf9304b325a503e0fe1d9648e9c18155ce4c7cfebbe8a7f93674e6295
    size: 649106
    url: https://raw.githubusercontent.com/commercialhaskell/stackage-snapshots/master/lts/20/5.yaml
  original: lts-20.5
